
Microsoft Visual Studio Solution File, Format Version 12.00
# Visual Studio Version 16
VisualStudioVersion = 16.0.31005.135
MinimumVisualStudioVersion = 10.0.40219.1
Project("{FAE04EC0-301F-11D3-BF4B-00C04F79EFBC}") = "NullobjectDemo", "NullobjectDemo.csproj", "{C110769C-44A9-45A1-8D00-DF954B0374B0}"
EndProject
Global
	GlobalSection(SolutionConfigurationPlatforms) = preSolution
		Debug|Any CPU = Debug|Any CPU
		Release|Any CPU = Release|Any CPU
	EndGlobalSection
	GlobalSection(ProjectConfigurationPlatforms) = postSolution
		{C110769C-44A9-45A1-8D00-DF954B0374B0}.Debug|Any CPU.ActiveCfg = Debug|Any CPU
		{C110769C-44A9-45A1-8D00-DF954B0374B0}.Debug|Any CPU.Build.0 = Debug|Any CPU
		{C110769C-44A9-45A1-8D00-DF954B0374B0}.Release|Any CPU.ActiveCfg = Release|Any CPU
		{C110769C-44A9-45A1-8D00-DF954B0374B0}.Release|Any CPU.Build.0 = Release|Any CPU
	EndGlobalSection
	GlobalSection(SolutionProperties) = preSolution
		HideSolutionNode = FALSE
	EndGlobalSection
	GlobalSection(ExtensibilityGlobals) = postSolution
		SolutionGuid = {175037B6-F014-4C80-A65F-BCDA422F7647}
	EndGlobalSection
EndGlobal
